
Microsoft Visual Studio Solution File, Format Version 12.00
# Visual Studio Version 16
VisualStudioVersion = 16.0.29201.188
MinimumVisualStudioVersion = 10.0.40219.1
Project("{FAE04EC0-301F-11D3-BF4B-00C04F79EFBC}") = "LeafletDemo", "LeafletDemo.csproj", "{E8A7D99C-F532-4AB1-AB7F-7608C86A6DB3}"
EndProject
Global
	GlobalSection(SolutionConfigurationPlatforms) = preSolution
		Debug|Any CPU = Debug|Any CPU
		Release|Any CPU = Release|Any CPU
	EndGlobalSection
	GlobalSection(ProjectConfigurationPlatforms) = postSolution
		{E8A7D99C-F532-4AB1-AB7F-7608C86A6DB3}.Debug|Any CPU.ActiveCfg = Debug|Any CPU
		{E8A7D99C-F532-4AB1-AB7F-7608C86A6DB3}.Debug|Any CPU.Build.0 = Debug|Any CPU
		{E8A7D99C-F532-4AB1-AB7F-7608C86A6DB3}.Release|Any CPU.ActiveCfg = Release|Any CPU
		{E8A7D99C-F532-4AB1-AB7F-7608C86A6DB3}.Release|Any CPU.Build.0 = Release|Any CPU
	EndGlobalSection
	GlobalSection(SolutionProperties) = preSolution
		HideSolutionNode = FALSE
	EndGlobalSection
	GlobalSection(ExtensibilityGlobals) = postSolution
		SolutionGuid = {18CD4C49-CB11-4A30-9094-C79CBC140FE2}
	EndGlobalSection
EndGlobal
